// !$*UTF8*$!
{
	archiveVersion = 1;
	classes = {
	};
	objectVersion = 50;
	objects = {

/* Begin PBXBuildFile section */
		9CA466170A26D3BF9C584C8F /* Pods_FoursquareKurenkov.framework in Frameworks */ = {isa = PBXBuildFile; fileRef = 0E61AE2A5ACFB3E1A2BCA6DA /* Pods_FoursquareKurenkov.framework */; };
		CF3C4EFC21F6333400257AA7 /* ProfileViewController.swift in Sources */ = {isa = PBXBuildFile; fileRef = CF3C4EFA21F6333400257AA7 /* ProfileViewController.swift */; };
		CF3C4EFD21F6333400257AA7 /* ProfileViewController.xib in Resources */ = {isa = PBXBuildFile; fileRef = CF3C4EFB21F6333400257AA7 /* ProfileViewController.xib */; };
		CF3C4EFF21F63E0900257AA7 /* ProfileView.swift in Sources */ = {isa = PBXBuildFile; fileRef = CF3C4EFE21F63E0900257AA7 /* ProfileView.swift */; };
		CF3C4F0721F63E6E00257AA7 /* ProfileNameCell.swift in Sources */ = {isa = PBXBuildFile; fileRef = CF3C4F0521F63E6E00257AA7 /* ProfileNameCell.swift */; };
		CF3C4F0821F63E6E00257AA7 /* ProfileNameCell.xib in Resources */ = {isa = PBXBuildFile; fileRef = CF3C4F0621F63E6E00257AA7 /* ProfileNameCell.xib */; };
		CF3C4F0B21F63E8400257AA7 /* ProfileBioCell.swift in Sources */ = {isa = PBXBuildFile; fileRef = CF3C4F0921F63E8400257AA7 /* ProfileBioCell.swift */; };
		CF3C4F0C21F63E8400257AA7 /* ProfileBioCell.xib in Resources */ = {isa = PBXBuildFile; fileRef = CF3C4F0A21F63E8400257AA7 /* ProfileBioCell.xib */; };
		CF3C4F0F21F6407B00257AA7 /* ProfileLogoutCell.swift in Sources */ = {isa = PBXBuildFile; fileRef = CF3C4F0D21F6407B00257AA7 /* ProfileLogoutCell.swift */; };
		CF3C4F1021F6407B00257AA7 /* ProfileLogoutCell.xib in Resources */ = {isa = PBXBuildFile; fileRef = CF3C4F0E21F6407B00257AA7 /* ProfileLogoutCell.xib */; };
		CF7CB4A121F35B73008E9EE6 /* AppDelegate.swift in Sources */ = {isa = PBXBuildFile; fileRef = CF7CB4A021F35B73008E9EE6 /* AppDelegate.swift */; };
		CF7CB4AB21F35B7A008E9EE6 /* LaunchScreen.storyboard in Resources */ = {isa = PBXBuildFile; fileRef = CF7CB4A921F35B7A008E9EE6 /* LaunchScreen.storyboard */; };
		CF7CB4B621F35B7A008E9EE6 /* FoursquareKurenkovTests.swift in Sources */ = {isa = PBXBuildFile; fileRef = CF7CB4B521F35B7A008E9EE6 /* FoursquareKurenkovTests.swift */; };
		CF7CB4CE21F35C32008E9EE6 /* LaunchInteractor.swift in Sources */ = {isa = PBXBuildFile; fileRef = CF7CB4C521F35C31008E9EE6 /* LaunchInteractor.swift */; };
		CF7CB4CF21F35C32008E9EE6 /* LaunchRouter.swift in Sources */ = {isa = PBXBuildFile; fileRef = CF7CB4C621F35C31008E9EE6 /* LaunchRouter.swift */; };
		CF7CB4D021F35C32008E9EE6 /* AuthorizationService.swift in Sources */ = {isa = PBXBuildFile; fileRef = CF7CB4CB21F35C31008E9EE6 /* AuthorizationService.swift */; };
		CF7CB4D121F35C32008E9EE6 /* UserDefaultsAuthorizationStorage.swift in Sources */ = {isa = PBXBuildFile; fileRef = CF7CB4CC21F35C31008E9EE6 /* UserDefaultsAuthorizationStorage.swift */; };
		CF7CB4D821F36870008E9EE6 /* WeakBox.swift in Sources */ = {isa = PBXBuildFile; fileRef = CF7CB4D721F36870008E9EE6 /* WeakBox.swift */; };
		CF7CB4DD21F491C2008E9EE6 /* AuthorizationViewController.swift in Sources */ = {isa = PBXBuildFile; fileRef = CF7CB4DB21F491C2008E9EE6 /* AuthorizationViewController.swift */; };
		CF7CB4DE21F491C2008E9EE6 /* AuthorizationViewController.xib in Resources */ = {isa = PBXBuildFile; fileRef = CF7CB4DC21F491C2008E9EE6 /* AuthorizationViewController.xib */; };
		CF7CB4E221F49ED7008E9EE6 /* LaunchViewControllersFactory.swift in Sources */ = {isa = PBXBuildFile; fileRef = CF7CB4E121F49ED7008E9EE6 /* LaunchViewControllersFactory.swift */; };
		CF7CB4E421F4A6E8008E9EE6 /* Localizable.strings in Resources */ = {isa = PBXBuildFile; fileRef = CF7CB4E321F4A6E8008E9EE6 /* Localizable.strings */; };
		CF7CB4E621F4AB54008E9EE6 /* AuthorizationPresenter.swift in Sources */ = {isa = PBXBuildFile; fileRef = CF7CB4E521F4AB53008E9EE6 /* AuthorizationPresenter.swift */; };
		CF7CB4F021F4B2D1008E9EE6 /* ProfilePresenter.swift in Sources */ = {isa = PBXBuildFile; fileRef = CF7CB4EF21F4B2D1008E9EE6 /* ProfilePresenter.swift */; };
		CF7CB4F221F4B304008E9EE6 /* ProfileInteractor.swift in Sources */ = {isa = PBXBuildFile; fileRef = CF7CB4F121F4B304008E9EE6 /* ProfileInteractor.swift */; };
		CF7CB4F721F4BD69008E9EE6 /* FoursquareApi.swift in Sources */ = {isa = PBXBuildFile; fileRef = CF7CB4F621F4BD69008E9EE6 /* FoursquareApi.swift */; };
		CF7CB4F921F4CF79008E9EE6 /* FoursquareApi+Response.swift in Sources */ = {isa = PBXBuildFile; fileRef = CF7CB4F821F4CF79008E9EE6 /* FoursquareApi+Response.swift */; };
		CF7CB4FD21F4E4AD008E9EE6 /* FoursquareApiParser.swift in Sources */ = {isa = PBXBuildFile; fileRef = CF7CB4FC21F4E4AD008E9EE6 /* FoursquareApiParser.swift */; };
		CF7CB4FF21F4F43B008E9EE6 /* MemoryProfileStorage.swift in Sources */ = {isa = PBXBuildFile; fileRef = CF7CB4FE21F4F43B008E9EE6 /* MemoryProfileStorage.swift */; };
		CF7CB50321F50081008E9EE6 /* FoursquareApi+Profile.swift in Sources */ = {isa = PBXBuildFile; fileRef = CF7CB50221F50081008E9EE6 /* FoursquareApi+Profile.swift */; };
		CF7CB50521F50EF4008E9EE6 /* AuthorizationErrorHandler.swift in Sources */ = {isa = PBXBuildFile; fileRef = CF7CB50421F50EF4008E9EE6 /* AuthorizationErrorHandler.swift */; };
		CF7CB50721F511A6008E9EE6 /* AuthorizationService+AuthTokenProvider.swift in Sources */ = {isa = PBXBuildFile; fileRef = CF7CB50621F511A6008E9EE6 /* AuthorizationService+AuthTokenProvider.swift */; };
		CFAA719C21F642FF0089F40D /* ProfileAvatarCell.swift in Sources */ = {isa = PBXBuildFile; fileRef = CFAA719A21F642FF0089F40D /* ProfileAvatarCell.swift */; };
		CFAA719D21F642FF0089F40D /* ProfileAvatarCell.xib in Resources */ = {isa = PBXBuildFile; fileRef = CFAA719B21F642FF0089F40D /* ProfileAvatarCell.xib */; };
		CFAA71A021F65A320089F40D /* ImagesServise.swift in Sources */ = {isa = PBXBuildFile; fileRef = CFAA719F21F65A320089F40D /* ImagesServise.swift */; };
		CFAA71A221F6696C0089F40D /* Profile.swift in Sources */ = {isa = PBXBuildFile; fileRef = CFAA71A121F6696C0089F40D /* Profile.swift */; };
		CFAA71A421F6EB520089F40D /* MemoryImagesCache.swift in Sources */ = {isa = PBXBuildFile; fileRef = CFAA71A321F6EB520089F40D /* MemoryImagesCache.swift */; };
		CFAA71A621F6EB810089F40D /* DiskImagesCache.swift in Sources */ = {isa = PBXBuildFile; fileRef = CFAA71A521F6EB810089F40D /* DiskImagesCache.swift */; };
		CFAA71AB21F79A3F0089F40D /* ImageView.swift in Sources */ = {isa = PBXBuildFile; fileRef = CFAA71AA21F79A3F0089F40D /* ImageView.swift */; };
		CFAA71AD21F79A610089F40D /* ImagePresenter.swift in Sources */ = {isa = PBXBuildFile; fileRef = CFAA71AC21F79A610089F40D /* ImagePresenter.swift */; };
		CFAA71B021F79BB80089F40D /* ImageViewConfigurator.swift in Sources */ = {isa = PBXBuildFile; fileRef = CFAA71AF21F79BB80089F40D /* ImageViewConfigurator.swift */; };
		CFD4AD6321F7AE40006238EE /* ImageIdentifier.swift in Sources */ = {isa = PBXBuildFile; fileRef = CFD4AD6221F7AE40006238EE /* ImageIdentifier.swift */; };
		CFD4AD6521F8D300006238EE /* FoursquareImageIdentifier.swift in Sources */ = {isa = PBXBuildFile; fileRef = CFD4AD6421F8D300006238EE /* FoursquareImageIdentifier.swift */; };
		CFD4AD6721F8DD23006238EE /* Assets.xcassets in Resources */ = {isa = PBXBuildFile; fileRef = CFD4AD6621F8DD23006238EE /* Assets.xcassets */; };
/* End PBXBuildFile section */

/* Begin PBXContainerItemProxy section */
		CF7CB4B221F35B7A008E9EE6 /* PBXContainerItemProxy */ = {
			isa = PBXContainerItemProxy;
			containerPortal = CF7CB49521F35B72008E9EE6 /* Project object */;
			proxyType = 1;
			remoteGlobalIDString = CF7CB49C21F35B73008E9EE6;
			remoteInfo = FoursquareKurenkov;
		};
/* End PBXContainerItemProxy section */

/* Begin PBXFileReference section */
		0E61AE2A5ACFB3E1A2BCA6DA /* Pods_FoursquareKurenkov.framework */ = {isa = PBXFileReference; explicitFileType = wrapper.framework; includeInIndex = 0; path = Pods_FoursquareKurenkov.framework; sourceTree = BUILT_PRODUCTS_DIR; };
		686BE2962F2978FD38C6FE18 /* Pods-FoursquareKurenkov.release.xcconfig */ = {isa = PBXFileReference; includeInIndex = 1; lastKnownFileType = text.xcconfig; name = "Pods-FoursquareKurenkov.release.xcconfig"; path = "Pods/Target Support Files/Pods-FoursquareKurenkov/Pods-FoursquareKurenkov.release.xcconfig"; sourceTree = "<group>"; };
		7628C2FCD150E38A410BC712 /* Pods-FoursquareKurenkov.debug.xcconfig */ = {isa = PBXFileReference; includeInIndex = 1; lastKnownFileType = text.xcconfig; name = "Pods-FoursquareKurenkov.debug.xcconfig"; path = "Pods/Target Support Files/Pods-FoursquareKurenkov/Pods-FoursquareKurenkov.debug.xcconfig"; sourceTree = "<group>"; };
		CF3C4EFA21F6333400257AA7 /* ProfileViewController.swift */ = {isa = PBXFileReference; lastKnownFileType = sourcecode.swift; path = ProfileViewController.swift; sourceTree = "<group>"; };
		CF3C4EFB21F6333400257AA7 /* ProfileViewController.xib */ = {isa = PBXFileReference; lastKnownFileType = file.xib; path = ProfileViewController.xib; sourceTree = "<group>"; };
		CF3C4EFE21F63E0900257AA7 /* ProfileView.swift */ = {isa = PBXFileReference; lastKnownFileType = sourcecode.swift; path = ProfileView.swift; sourceTree = "<group>"; };
		CF3C4F0521F63E6E00257AA7 /* ProfileNameCell.swift */ = {isa = PBXFileReference; lastKnownFileType = sourcecode.swift; path = ProfileNameCell.swift; sourceTree = "<group>"; };
		CF3C4F0621F63E6E00257AA7 /* ProfileNameCell.xib */ = {isa = PBXFileReference; lastKnownFileType = file.xib; path = ProfileNameCell.xib; sourceTree = "<group>"; };
		CF3C4F0921F63E8400257AA7 /* ProfileBioCell.swift */ = {isa = PBXFileReference; lastKnownFileType = sourcecode.swift; path = ProfileBioCell.swift; sourceTree = "<group>"; };
		CF3C4F0A21F63E8400257AA7 /* ProfileBioCell.xib */ = {isa = PBXFileReference; lastKnownFileType = file.xib; path = ProfileBioCell.xib; sourceTree = "<group>"; };
		CF3C4F0D21F6407B00257AA7 /* ProfileLogoutCell.swift */ = {isa = PBXFileReference; lastKnownFileType = sourcecode.swift; path = ProfileLogoutCell.swift; sourceTree = "<group>"; };
		CF3C4F0E21F6407B00257AA7 /* ProfileLogoutCell.xib */ = {isa = PBXFileReference; lastKnownFileType = file.xib; path = ProfileLogoutCell.xib; sourceTree = "<group>"; };
		CF7CB49D21F35B73008E9EE6 /* FoursquareKurenkov.app */ = {isa = PBXFileReference; explicitFileType = wrapper.application; includeInIndex = 0; path = FoursquareKurenkov.app; sourceTree = BUILT_PRODUCTS_DIR; };
		CF7CB4A021F35B73008E9EE6 /* AppDelegate.swift */ = {isa = PBXFileReference; lastKnownFileType = sourcecode.swift; path = AppDelegate.swift; sourceTree = "<group>"; };
		CF7CB4AA21F35B7A008E9EE6 /* Base */ = {isa = PBXFileReference; lastKnownFileType = file.storyboard; name = Base; path = Base.lproj/LaunchScreen.storyboard; sourceTree = "<group>"; };
		CF7CB4AC21F35B7A008E9EE6 /* Info.plist */ = {isa = PBXFileReference; lastKnownFileType = text.plist.xml; path = Info.plist; sourceTree = "<group>"; };
		CF7CB4B121F35B7A008E9EE6 /* FoursquareKurenkovTests.xctest */ = {isa = PBXFileReference; explicitFileType = wrapper.cfbundle; includeInIndex = 0; path = FoursquareKurenkovTests.xctest; sourceTree = BUILT_PRODUCTS_DIR; };
		CF7CB4B521F35B7A008E9EE6 /* FoursquareKurenkovTests.swift */ = {isa = PBXFileReference; lastKnownFileType = sourcecode.swift; path = FoursquareKurenkovTests.swift; sourceTree = "<group>"; };
		CF7CB4B721F35B7A008E9EE6 /* Info.plist */ = {isa = PBXFileReference; lastKnownFileType = text.plist.xml; path = Info.plist; sourceTree = "<group>"; };
		CF7CB4C521F35C31008E9EE6 /* LaunchInteractor.swift */ = {isa = PBXFileReference; fileEncoding = 4; lastKnownFileType = sourcecode.swift; path = LaunchInteractor.swift; sourceTree = "<group>"; };
		CF7CB4C621F35C31008E9EE6 /* LaunchRouter.swift */ = {isa = PBXFileReference; fileEncoding = 4; lastKnownFileType = sourcecode.swift; path = LaunchRouter.swift; sourceTree = "<group>"; };
		CF7CB4CB21F35C31008E9EE6 /* AuthorizationService.swift */ = {isa = PBXFileReference; fileEncoding = 4; lastKnownFileType = sourcecode.swift; path = AuthorizationService.swift; sourceTree = "<group>"; };
		CF7CB4CC21F35C31008E9EE6 /* UserDefaultsAuthorizationStorage.swift */ = {isa = PBXFileReference; fileEncoding = 4; lastKnownFileType = sourcecode.swift; path = UserDefaultsAuthorizationStorage.swift; sourceTree = "<group>"; };
		CF7CB4D221F35CB3008E9EE6 /* Swift-Bridging-Header.h */ = {isa = PBXFileReference; lastKnownFileType = sourcecode.c.h; path = "Swift-Bridging-Header.h"; sourceTree = "<group>"; };
		CF7CB4D721F36870008E9EE6 /* WeakBox.swift */ = {isa = PBXFileReference; lastKnownFileType = sourcecode.swift; path = WeakBox.swift; sourceTree = "<group>"; };
		CF7CB4DB21F491C2008E9EE6 /* AuthorizationViewController.swift */ = {isa = PBXFileReference; lastKnownFileType = sourcecode.swift; path = AuthorizationViewController.swift; sourceTree = "<group>"; };
		CF7CB4DC21F491C2008E9EE6 /* AuthorizationViewController.xib */ = {isa = PBXFileReference; lastKnownFileType = file.xib; path = AuthorizationViewController.xib; sourceTree = "<group>"; };
		CF7CB4E121F49ED7008E9EE6 /* LaunchViewControllersFactory.swift */ = {isa = PBXFileReference; lastKnownFileType = sourcecode.swift; path = LaunchViewControllersFactory.swift; sourceTree = "<group>"; };
		CF7CB4E321F4A6E8008E9EE6 /* Localizable.strings */ = {isa = PBXFileReference; lastKnownFileType = text.plist.strings; path = Localizable.strings; sourceTree = "<group>"; };
		CF7CB4E521F4AB53008E9EE6 /* AuthorizationPresenter.swift */ = {isa = PBXFileReference; lastKnownFileType = sourcecode.swift; path = AuthorizationPresenter.swift; sourceTree = "<group>"; };
		CF7CB4EF21F4B2D1008E9EE6 /* ProfilePresenter.swift */ = {isa = PBXFileReference; lastKnownFileType = sourcecode.swift; path = ProfilePresenter.swift; sourceTree = "<group>"; };
		CF7CB4F121F4B304008E9EE6 /* ProfileInteractor.swift */ = {isa = PBXFileReference; lastKnownFileType = sourcecode.swift; path = ProfileInteractor.swift; sourceTree = "<group>"; };
		CF7CB4F621F4BD69008E9EE6 /* FoursquareApi.swift */ = {isa = PBXFileReference; lastKnownFileType = sourcecode.swift; path = FoursquareApi.swift; sourceTree = "<group>"; };
		CF7CB4F821F4CF79008E9EE6 /* FoursquareApi+Response.swift */ = {isa = PBXFileReference; lastKnownFileType = sourcecode.swift; path = "FoursquareApi+Response.swift"; sourceTree = "<group>"; };
		CF7CB4FC21F4E4AD008E9EE6 /* FoursquareApiParser.swift */ = {isa = PBXFileReference; lastKnownFileType = sourcecode.swift; path = FoursquareApiParser.swift; sourceTree = "<group>"; };
		CF7CB4FE21F4F43B008E9EE6 /* MemoryProfileStorage.swift */ = {isa = PBXFileReference; lastKnownFileType = sourcecode.swift; path = MemoryProfileStorage.swift; sourceTree = "<group>"; };
		CF7CB50221F50081008E9EE6 /* FoursquareApi+Profile.swift */ = {isa = PBXFileReference; lastKnownFileType = sourcecode.swift; path = "FoursquareApi+Profile.swift"; sourceTree = "<group>"; };
		CF7CB50421F50EF4008E9EE6 /* AuthorizationErrorHandler.swift */ = {isa = PBXFileReference; lastKnownFileType = sourcecode.swift; path = AuthorizationErrorHandler.swift; sourceTree = "<group>"; };
		CF7CB50621F511A6008E9EE6 /* AuthorizationService+AuthTokenProvider.swift */ = {isa = PBXFileReference; lastKnownFileType = sourcecode.swift; path = "AuthorizationService+AuthTokenProvider.swift"; sourceTree = "<group>"; };
		CFAA719A21F642FF0089F40D /* ProfileAvatarCell.swift */ = {isa = PBXFileReference; lastKnownFileType = sourcecode.swift; path = ProfileAvatarCell.swift; sourceTree = "<group>"; };
		CFAA719B21F642FF0089F40D /* ProfileAvatarCell.xib */ = {isa = PBXFileReference; lastKnownFileType = file.xib; path = ProfileAvatarCell.xib; sourceTree = "<group>"; };
		CFAA719F21F65A320089F40D /* ImagesServise.swift */ = {isa = PBXFileReference; lastKnownFileType = sourcecode.swift; path = ImagesServise.swift; sourceTree = "<group>"; };
		CFAA71A121F6696C0089F40D /* Profile.swift */ = {isa = PBXFileReference; lastKnownFileType = sourcecode.swift; path = Profile.swift; sourceTree = "<group>"; };
		CFAA71A321F6EB520089F40D /* MemoryImagesCache.swift */ = {isa = PBXFileReference; lastKnownFileType = sourcecode.swift; path = MemoryImagesCache.swift; sourceTree = "<group>"; };
		CFAA71A521F6EB810089F40D /* DiskImagesCache.swift */ = {isa = PBXFileReference; lastKnownFileType = sourcecode.swift; path = DiskImagesCache.swift; sourceTree = "<group>"; };
		CFAA71AA21F79A3F0089F40D /* ImageView.swift */ = {isa = PBXFileReference; lastKnownFileType = sourcecode.swift; path = ImageView.swift; sourceTree = "<group>"; };
		CFAA71AC21F79A610089F40D /* ImagePresenter.swift */ = {isa = PBXFileReference; lastKnownFileType = sourcecode.swift; path = ImagePresenter.swift; sourceTree = "<group>"; };
		CFAA71AF21F79BB80089F40D /* ImageViewConfigurator.swift */ = {isa = PBXFileReference; lastKnownFileType = sourcecode.swift; path = ImageViewConfigurator.swift; sourceTree = "<group>"; };
		CFD4AD6221F7AE40006238EE /* ImageIdentifier.swift */ = {isa = PBXFileReference; lastKnownFileType = sourcecode.swift; path = ImageIdentifier.swift; sourceTree = "<group>"; };
		CFD4AD6421F8D300006238EE /* FoursquareImageIdentifier.swift */ = {isa = PBXFileReference; lastKnownFileType = sourcecode.swift; path = FoursquareImageIdentifier.swift; sourceTree = "<group>"; };
		CFD4AD6621F8DD23006238EE /* Assets.xcassets */ = {isa = PBXFileReference; lastKnownFileType = folder.assetcatalog; path = Assets.xcassets; sourceTree = "<group>"; };
/* End PBXFileReference section */

/* Begin PBXFrameworksBuildPhase section */
		CF7CB49A21F35B73008E9EE6 /* Frameworks */ = {
			isa = PBXFrameworksBuildPhase;
			buildActionMask = 2147483647;
			files = (
				9CA466170A26D3BF9C584C8F /* Pods_FoursquareKurenkov.framework in Frameworks */,
			);
			runOnlyForDeploymentPostprocessing = 0;
		};
		CF7CB4AE21F35B7A008E9EE6 /* Frameworks */ = {
			isa = PBXFrameworksBuildPhase;
			buildActionMask = 2147483647;
			files = (
			);
			runOnlyForDeploymentPostprocessing = 0;
		};
/* End PBXFrameworksBuildPhase section */

/* Begin PBXGroup section */
		C7132888B6A2D2C71BFB37D2 /* Pods */ = {
			isa = PBXGroup;
			children = (
				7628C2FCD150E38A410BC712 /* Pods-FoursquareKurenkov.debug.xcconfig */,
				686BE2962F2978FD38C6FE18 /* Pods-FoursquareKurenkov.release.xcconfig */,
			);
			name = Pods;
			sourceTree = "<group>";
		};
		CF3C4F0021F63E3000257AA7 /* View */ = {
			isa = PBXGroup;
			children = (
				CF3C4EFA21F6333400257AA7 /* ProfileViewController.swift */,
				CF3C4EFB21F6333400257AA7 /* ProfileViewController.xib */,
				CFAA719A21F642FF0089F40D /* ProfileAvatarCell.swift */,
				CFAA719B21F642FF0089F40D /* ProfileAvatarCell.xib */,
				CF3C4F0521F63E6E00257AA7 /* ProfileNameCell.swift */,
				CF3C4F0621F63E6E00257AA7 /* ProfileNameCell.xib */,
				CF3C4F0921F63E8400257AA7 /* ProfileBioCell.swift */,
				CF3C4F0A21F63E8400257AA7 /* ProfileBioCell.xib */,
				CF3C4F0D21F6407B00257AA7 /* ProfileLogoutCell.swift */,
				CF3C4F0E21F6407B00257AA7 /* ProfileLogoutCell.xib */,
			);
			path = View;
			sourceTree = "<group>";
		};
		CF7CB49421F35B72008E9EE6 = {
			isa = PBXGroup;
			children = (
				CF7CB49F21F35B73008E9EE6 /* FoursquareKurenkov */,
				CF7CB4B421F35B7A008E9EE6 /* FoursquareKurenkovTests */,
				CF7CB49E21F35B73008E9EE6 /* Products */,
				C7132888B6A2D2C71BFB37D2 /* Pods */,
				DACECF50894139D2B753AC71 /* Frameworks */,
			);
			sourceTree = "<group>";
		};
		CF7CB49E21F35B73008E9EE6 /* Products */ = {
			isa = PBXGroup;
			children = (
				CF7CB49D21F35B73008E9EE6 /* FoursquareKurenkov.app */,
				CF7CB4B121F35B7A008E9EE6 /* FoursquareKurenkovTests.xctest */,
			);
			name = Products;
			sourceTree = "<group>";
		};
		CF7CB49F21F35B73008E9EE6 /* FoursquareKurenkov */ = {
			isa = PBXGroup;
			children = (
				CF7CB4C221F35C31008E9EE6 /* Application */,
				CF7CB4F321F4BD0E008E9EE6 /* Services */,
				CF7CB4C121F35C04008E9EE6 /* Resources */,
				CF7CB4C021F35BF9008E9EE6 /* SupportingFiles */,
				CF7CB4A021F35B73008E9EE6 /* AppDelegate.swift */,
			);
			path = FoursquareKurenkov;
			sourceTree = "<group>";
		};
		CF7CB4B421F35B7A008E9EE6 /* FoursquareKurenkovTests */ = {
			isa = PBXGroup;
			children = (
				CF7CB4B521F35B7A008E9EE6 /* FoursquareKurenkovTests.swift */,
				CF7CB4B721F35B7A008E9EE6 /* Info.plist */,
			);
			path = FoursquareKurenkovTests;
			sourceTree = "<group>";
		};
		CF7CB4C021F35BF9008E9EE6 /* SupportingFiles */ = {
			isa = PBXGroup;
			children = (
				CF7CB4D221F35CB3008E9EE6 /* Swift-Bridging-Header.h */,
				CF7CB4AC21F35B7A008E9EE6 /* Info.plist */,
			);
			path = SupportingFiles;
			sourceTree = "<group>";
		};
		CF7CB4C121F35C04008E9EE6 /* Resources */ = {
			isa = PBXGroup;
			children = (
				CFD4AD6621F8DD23006238EE /* Assets.xcassets */,
				CF7CB4A921F35B7A008E9EE6 /* LaunchScreen.storyboard */,
				CF7CB4E321F4A6E8008E9EE6 /* Localizable.strings */,
			);
			path = Resources;
			sourceTree = "<group>";
		};
		CF7CB4C221F35C31008E9EE6 /* Application */ = {
			isa = PBXGroup;
			children = (
				CF7CB4D621F3685D008E9EE6 /* Common */,
				CF7CB4C421F35C31008E9EE6 /* Launching */,
				CF7CB4C321F35C31008E9EE6 /* Favorites */,
				CF7CB4C821F35C31008E9EE6 /* Map */,
				CF7CB4C921F35C31008E9EE6 /* Profile */,
				CF7CB4CA21F35C31008E9EE6 /* Authorization */,
				CF7CB4CD21F35C31008E9EE6 /* VenueDetails */,
			);
			path = Application;
			sourceTree = "<group>";
		};
		CF7CB4C321F35C31008E9EE6 /* Favorites */ = {
			isa = PBXGroup;
			children = (
			);
			path = Favorites;
			sourceTree = "<group>";
		};
		CF7CB4C421F35C31008E9EE6 /* Launching */ = {
			isa = PBXGroup;
			children = (
				CF7CB4E121F49ED7008E9EE6 /* LaunchViewControllersFactory.swift */,
				CF7CB4C621F35C31008E9EE6 /* LaunchRouter.swift */,
				CF7CB4C521F35C31008E9EE6 /* LaunchInteractor.swift */,
			);
			path = Launching;
			sourceTree = "<group>";
		};
		CF7CB4C821F35C31008E9EE6 /* Map */ = {
			isa = PBXGroup;
			children = (
			);
			path = Map;
			sourceTree = "<group>";
		};
		CF7CB4C921F35C31008E9EE6 /* Profile */ = {
			isa = PBXGroup;
			children = (
				CF3C4F0021F63E3000257AA7 /* View */,
				CF3C4EFE21F63E0900257AA7 /* ProfileView.swift */,
				CF7CB4EF21F4B2D1008E9EE6 /* ProfilePresenter.swift */,
				CF7CB4F121F4B304008E9EE6 /* ProfileInteractor.swift */,
				CF7CB4FE21F4F43B008E9EE6 /* MemoryProfileStorage.swift */,
				CFAA71A121F6696C0089F40D /* Profile.swift */,
			);
			path = Profile;
			sourceTree = "<group>";
		};
		CF7CB4CA21F35C31008E9EE6 /* Authorization */ = {
			isa = PBXGroup;
			children = (
				CF7CB4DB21F491C2008E9EE6 /* AuthorizationViewController.swift */,
				CF7CB4DC21F491C2008E9EE6 /* AuthorizationViewController.xib */,
				CF7CB4E521F4AB53008E9EE6 /* AuthorizationPresenter.swift */,
			);
			path = Authorization;
			sourceTree = "<group>";
		};
		CF7CB4CD21F35C31008E9EE6 /* VenueDetails */ = {
			isa = PBXGroup;
			children = (
			);
			path = VenueDetails;
			sourceTree = "<group>";
		};
		CF7CB4D621F3685D008E9EE6 /* Common */ = {
			isa = PBXGroup;
			children = (
				CFAA71A921F79A2F0089F40D /* Image */,
				CFD4AD6221F7AE40006238EE /* ImageIdentifier.swift */,
				CF7CB4D721F36870008E9EE6 /* WeakBox.swift */,
			);
			path = Common;
			sourceTree = "<group>";
		};
		CF7CB4F321F4BD0E008E9EE6 /* Services */ = {
			isa = PBXGroup;
			children = (
				CFAA719E21F659F10089F40D /* Images */,
				CF7CB4F521F4BD36008E9EE6 /* Authorization */,
				CF7CB4F421F4BD2E008E9EE6 /* FoursquareApi */,
			);
			path = Services;
			sourceTree = "<group>";
		};
		CF7CB4F421F4BD2E008E9EE6 /* FoursquareApi */ = {
			isa = PBXGroup;
			children = (
				CF7CB4F621F4BD69008E9EE6 /* FoursquareApi.swift */,
				CF7CB50221F50081008E9EE6 /* FoursquareApi+Profile.swift */,
				CF7CB4F821F4CF79008E9EE6 /* FoursquareApi+Response.swift */,
				CF7CB4FC21F4E4AD008E9EE6 /* FoursquareApiParser.swift */,
				CF7CB50421F50EF4008E9EE6 /* AuthorizationErrorHandler.swift */,
				CFD4AD6421F8D300006238EE /* FoursquareImageIdentifier.swift */,
			);
			path = FoursquareApi;
			sourceTree = "<group>";
		};
		CF7CB4F521F4BD36008E9EE6 /* Authorization */ = {
			isa = PBXGroup;
			children = (
				CF7CB4CB21F35C31008E9EE6 /* AuthorizationService.swift */,
				CF7CB50621F511A6008E9EE6 /* AuthorizationService+AuthTokenProvider.swift */,
				CF7CB4CC21F35C31008E9EE6 /* UserDefaultsAuthorizationStorage.swift */,
			);
			path = Authorization;
			sourceTree = "<group>";
		};
		CFAA719E21F659F10089F40D /* Images */ = {
			isa = PBXGroup;
			children = (
				CFAA719F21F65A320089F40D /* ImagesServise.swift */,
				CFAA71A321F6EB520089F40D /* MemoryImagesCache.swift */,
				CFAA71A521F6EB810089F40D /* DiskImagesCache.swift */,
			);
			path = Images;
			sourceTree = "<group>";
		};
		CFAA71A921F79A2F0089F40D /* Image */ = {
			isa = PBXGroup;
			children = (
				CFAA71AA21F79A3F0089F40D /* ImageView.swift */,
				CFAA71AC21F79A610089F40D /* ImagePresenter.swift */,
				CFAA71AF21F79BB80089F40D /* ImageViewConfigurator.swift */,
			);
			path = Image;
			sourceTree = "<group>";
		};
		DACECF50894139D2B753AC71 /* Frameworks */ = {
			isa = PBXGroup;
			children = (
				0E61AE2A5ACFB3E1A2BCA6DA /* Pods_FoursquareKurenkov.framework */,
			);
			name = Frameworks;
			sourceTree = "<group>";
		};
/* End PBXGroup section */

/* Begin PBXNativeTarget section */
		CF7CB49C21F35B73008E9EE6 /* FoursquareKurenkov */ = {
			isa = PBXNativeTarget;
			buildConfigurationList = CF7CB4BA21F35B7A008E9EE6 /* Build configuration list for PBXNativeTarget "FoursquareKurenkov" */;
			buildPhases = (
				1C2C4E4CC682A57CC375DBBE /* [CP] Check Pods Manifest.lock */,
				CF7CB4D421F35D52008E9EE6 /* SwiftLint */,
				CF7CB49921F35B73008E9EE6 /* Sources */,
				CF7CB49A21F35B73008E9EE6 /* Frameworks */,
				CF7CB49B21F35B73008E9EE6 /* Resources */,
				5D8E555C88179789D415EF24 /* [CP] Embed Pods Frameworks */,
			);
			buildRules = (
			);
			dependencies = (
			);
			name = FoursquareKurenkov;
			productName = FoursquareKurenkov;
			productReference = CF7CB49D21F35B73008E9EE6 /* FoursquareKurenkov.app */;
			productType = "com.apple.product-type.application";
		};
		CF7CB4B021F35B7A008E9EE6 /* FoursquareKurenkovTests */ = {
			isa = PBXNativeTarget;
			buildConfigurationList = CF7CB4BD21F35B7A008E9EE6 /* Build configuration list for PBXNativeTarget "FoursquareKurenkovTests" */;
			buildPhases = (
				CF7CB4AD21F35B7A008E9EE6 /* Sources */,
				CF7CB4AE21F35B7A008E9EE6 /* Frameworks */,
				CF7CB4AF21F35B7A008E9EE6 /* Resources */,
			);
			buildRules = (
			);
			dependencies = (
				CF7CB4B321F35B7A008E9EE6 /* PBXTargetDependency */,
			);
			name = FoursquareKurenkovTests;
			productName = FoursquareKurenkovTests;
			productReference = CF7CB4B121F35B7A008E9EE6 /* FoursquareKurenkovTests.xctest */;
			productType = "com.apple.product-type.bundle.unit-test";
		};
/* End PBXNativeTarget section */

/* Begin PBXProject section */
		CF7CB49521F35B72008E9EE6 /* Project object */ = {
			isa = PBXProject;
			attributes = {
				LastSwiftUpdateCheck = 1010;
				LastUpgradeCheck = 1010;
				ORGANIZATIONNAME = "Михаил Куренков";
				TargetAttributes = {
					CF7CB49C21F35B73008E9EE6 = {
						CreatedOnToolsVersion = 10.1;
					};
					CF7CB4B021F35B7A008E9EE6 = {
						CreatedOnToolsVersion = 10.1;
						TestTargetID = CF7CB49C21F35B73008E9EE6;
					};
				};
			};
			buildConfigurationList = CF7CB49821F35B72008E9EE6 /* Build configuration list for PBXProject "FoursquareKurenkov" */;
			compatibilityVersion = "Xcode 9.3";
			developmentRegion = en;
			hasScannedForEncodings = 0;
			knownRegions = (
				en,
				Base,
			);
			mainGroup = CF7CB49421F35B72008E9EE6;
			productRefGroup = CF7CB49E21F35B73008E9EE6 /* Products */;
			projectDirPath = "";
			projectRoot = "";
			targets = (
				CF7CB49C21F35B73008E9EE6 /* FoursquareKurenkov */,
				CF7CB4B021F35B7A008E9EE6 /* FoursquareKurenkovTests */,
			);
		};
/* End PBXProject section */

/* Begin PBXResourcesBuildPhase section */
		CF7CB49B21F35B73008E9EE6 /* Resources */ = {
			isa = PBXResourcesBuildPhase;
			buildActionMask = 2147483647;
			files = (
				CF3C4F0821F63E6E00257AA7 /* ProfileNameCell.xib in Resources */,
				CF7CB4E421F4A6E8008E9EE6 /* Localizable.strings in Resources */,
				CF7CB4DE21F491C2008E9EE6 /* AuthorizationViewController.xib in Resources */,
				CF7CB4AB21F35B7A008E9EE6 /* LaunchScreen.storyboard in Resources */,
				CF3C4EFD21F6333400257AA7 /* ProfileViewController.xib in Resources */,
				CFAA719D21F642FF0089F40D /* ProfileAvatarCell.xib in Resources */,
				CF3C4F0C21F63E8400257AA7 /* ProfileBioCell.xib in Resources */,
				CFD4AD6721F8DD23006238EE /* Assets.xcassets in Resources */,
				CF3C4F1021F6407B00257AA7 /* ProfileLogoutCell.xib in Resources */,
			);
			runOnlyForDeploymentPostprocessing = 0;
		};
		CF7CB4AF21F35B7A008E9EE6 /* Resources */ = {
			isa = PBXResourcesBuildPhase;
			buildActionMask = 2147483647;
			files = (
			);
			runOnlyForDeploymentPostprocessing = 0;
		};
/* End PBXResourcesBuildPhase section */

/* Begin PBXShellScriptBuildPhase section */
		1C2C4E4CC682A57CC375DBBE /* [CP] Check Pods Manifest.lock */ = {
			isa = PBXShellScriptBuildPhase;
			buildActionMask = 2147483647;
			files = (
			);
			inputPaths = (
				"${PODS_PODFILE_DIR_PATH}/Podfile.lock",
				"${PODS_ROOT}/Manifest.lock",
			);
			name = "[CP] Check Pods Manifest.lock";
			outputPaths = (
				"$(DERIVED_FILE_DIR)/Pods-FoursquareKurenkov-checkManifestLockResult.txt",
			);
			runOnlyForDeploymentPostprocessing = 0;
			shellPath = /bin/sh;
			shellScript = "diff \"${PODS_PODFILE_DIR_PATH}/Podfile.lock\" \"${PODS_ROOT}/Manifest.lock\" > /dev/null\nif [ $? != 0 ] ; then\n    # print error to STDERR\n    echo \"error: The sandbox is not in sync with the Podfile.lock. Run 'pod install' or update your CocoaPods installation.\" >&2\n    exit 1\nfi\n# This output is used by Xcode 'outputs' to avoid re-running this script phase.\necho \"SUCCESS\" > \"${SCRIPT_OUTPUT_FILE_0}\"\n";
			showEnvVarsInLog = 0;
		};
		5D8E555C88179789D415EF24 /* [CP] Embed Pods Frameworks */ = {
			isa = PBXShellScriptBuildPhase;
			buildActionMask = 2147483647;
			files = (
			);
			inputPaths = (
				"${SRCROOT}/Pods/Target Support Files/Pods-FoursquareKurenkov/Pods-FoursquareKurenkov-frameworks.sh",
				"${BUILT_PRODUCTS_DIR}/Alamofire/Alamofire.framework",
				"${BUILT_PRODUCTS_DIR}/FSOAuth/FSOAuth.framework",
			);
			name = "[CP] Embed Pods Frameworks";
			outputPaths = (
				"${TARGET_BUILD_DIR}/${FRAMEWORKS_FOLDER_PATH}/Alamofire.framework",
				"${TARGET_BUILD_DIR}/${FRAMEWORKS_FOLDER_PATH}/FSOAuth.framework",
			);
			runOnlyForDeploymentPostprocessing = 0;
			shellPath = /bin/sh;
			shellScript = "\"${SRCROOT}/Pods/Target Support Files/Pods-FoursquareKurenkov/Pods-FoursquareKurenkov-frameworks.sh\"\n";
			showEnvVarsInLog = 0;
		};
		CF7CB4D421F35D52008E9EE6 /* SwiftLint */ = {
			isa = PBXShellScriptBuildPhase;
			buildActionMask = 2147483647;
			files = (
			);
			inputPaths = (
			);
			name = SwiftLint;
			outputPaths = (
			);
			runOnlyForDeploymentPostprocessing = 0;
			shellPath = /bin/sh;
			shellScript = "if which swiftlint >/dev/null; then\n    swiftlint\nelse\n    echo \"warning: SwiftLint not installed, download from https://github.com/realm/SwiftLint\"\nfi\n";
		};
/* End PBXShellScriptBuildPhase section */

/* Begin PBXSourcesBuildPhase section */
		CF7CB49921F35B73008E9EE6 /* Sources */ = {
			isa = PBXSourcesBuildPhase;
			buildActionMask = 2147483647;
			files = (
				CF7CB4E221F49ED7008E9EE6 /* LaunchViewControllersFactory.swift in Sources */,
				CF7CB4CE21F35C32008E9EE6 /* LaunchInteractor.swift in Sources */,
				CFAA71AB21F79A3F0089F40D /* ImageView.swift in Sources */,
				CF7CB4FD21F4E4AD008E9EE6 /* FoursquareApiParser.swift in Sources */,
				CF7CB4E621F4AB54008E9EE6 /* AuthorizationPresenter.swift in Sources */,
				CFAA71A421F6EB520089F40D /* MemoryImagesCache.swift in Sources */,
				CF7CB50321F50081008E9EE6 /* FoursquareApi+Profile.swift in Sources */,
				CF7CB4D021F35C32008E9EE6 /* AuthorizationService.swift in Sources */,
				CFD4AD6321F7AE40006238EE /* ImageIdentifier.swift in Sources */,
				CF7CB4F221F4B304008E9EE6 /* ProfileInteractor.swift in Sources */,
				CFAA71AD21F79A610089F40D /* ImagePresenter.swift in Sources */,
				CF7CB4CF21F35C32008E9EE6 /* LaunchRouter.swift in Sources */,
				CF3C4F0F21F6407B00257AA7 /* ProfileLogoutCell.swift in Sources */,
				CF7CB50521F50EF4008E9EE6 /* AuthorizationErrorHandler.swift in Sources */,
				CF7CB4DD21F491C2008E9EE6 /* AuthorizationViewController.swift in Sources */,
				CF7CB4A121F35B73008E9EE6 /* AppDelegate.swift in Sources */,
				CF7CB4FF21F4F43B008E9EE6 /* MemoryProfileStorage.swift in Sources */,
				CF7CB4D121F35C32008E9EE6 /* UserDefaultsAuthorizationStorage.swift in Sources */,
				CFAA719C21F642FF0089F40D /* ProfileAvatarCell.swift in Sources */,
				CF7CB4F921F4CF79008E9EE6 /* FoursquareApi+Response.swift in Sources */,
				CF3C4F0B21F63E8400257AA7 /* ProfileBioCell.swift in Sources */,
				CF7CB50721F511A6008E9EE6 /* AuthorizationService+AuthTokenProvider.swift in Sources */,
				CF3C4F0721F63E6E00257AA7 /* ProfileNameCell.swift in Sources */,
				CF7CB4D821F36870008E9EE6 /* WeakBox.swift in Sources */,
				CF3C4EFC21F6333400257AA7 /* ProfileViewController.swift in Sources */,
				CF7CB4F021F4B2D1008E9EE6 /* ProfilePresenter.swift in Sources */,
				CF3C4EFF21F63E0900257AA7 /* ProfileView.swift in Sources */,
				CFAA71A021F65A320089F40D /* ImagesServise.swift in Sources */,
				CFAA71A621F6EB810089F40D /* DiskImagesCache.swift in Sources */,
				CFAA71B021F79BB80089F40D /* ImageViewConfigurator.swift in Sources */,
				CFAA71A221F6696C0089F40D /* Profile.swift in Sources */,
				CF7CB4F721F4BD69008E9EE6 /* FoursquareApi.swift in Sources */,
				CFD4AD6521F8D300006238EE /* FoursquareImageIdentifier.swift in Sources */,
			);
			runOnlyForDeploymentPostprocessing = 0;
		};
		CF7CB4AD21F35B7A008E9EE6 /* Sources */ = {
			isa = PBXSourcesBuildPhase;
			buildActionMask = 2147483647;
			files = (
				CF7CB4B621F35B7A008E9EE6 /* FoursquareKurenkovTests.swift in Sources */,
			);
			runOnlyForDeploymentPostprocessing = 0;
		};
/* End PBXSourcesBuildPhase section */

/* Begin PBXTargetDependency section */
		CF7CB4B321F35B7A008E9EE6 /* PBXTargetDependency */ = {
			isa = PBXTargetDependency;
			target = CF7CB49C21F35B73008E9EE6 /* FoursquareKurenkov */;
			targetProxy = CF7CB4B221F35B7A008E9EE6 /* PBXContainerItemProxy */;
		};
/* End PBXTargetDependency section */

/* Begin PBXVariantGroup section */
		CF7CB4A921F35B7A008E9EE6 /* LaunchScreen.storyboard */ = {
			isa = PBXVariantGroup;
			children = (
				CF7CB4AA21F35B7A008E9EE6 /* Base */,
			);
			name = LaunchScreen.storyboard;
			sourceTree = "<group>";
		};
/* End PBXVariantGroup section */

/* Begin XCBuildConfiguration section */
		CF7CB4B821F35B7A008E9EE6 /* Debug */ = {
			isa = XCBuildConfiguration;
			buildSettings = {
				ALWAYS_SEARCH_USER_PATHS = NO;
				CLANG_ANALYZER_NONNULL = YES;
				CLANG_ANALYZER_NUMBER_OBJECT_CONVERSION = YES_AGGRESSIVE;
				CLANG_CXX_LANGUAGE_STANDARD = "gnu++14";
				CLANG_CXX_LIBRARY = "libc++";
				CLANG_ENABLE_MODULES = YES;
				CLANG_ENABLE_OBJC_ARC = YES;
				CLANG_ENABLE_OBJC_WEAK = YES;
				CLANG_WARN_BLOCK_CAPTURE_AUTORELEASING = YES;
				CLANG_WARN_BOOL_CONVERSION = YES;
				CLANG_WARN_COMMA = YES;
				CLANG_WARN_CONSTANT_CONVERSION = YES;
				CLANG_WARN_DEPRECATED_OBJC_IMPLEMENTATIONS = YES;
				CLANG_WARN_DIRECT_OBJC_ISA_USAGE = YES_ERROR;
				CLANG_WARN_DOCUMENTATION_COMMENTS = YES;
				CLANG_WARN_EMPTY_BODY = YES;
				CLANG_WARN_ENUM_CONVERSION = YES;
				CLANG_WARN_INFINITE_RECURSION = YES;
				CLANG_WARN_INT_CONVERSION = YES;
				CLANG_WARN_NON_LITERAL_NULL_CONVERSION = YES;
				CLANG_WARN_OBJC_IMPLICIT_RETAIN_SELF = YES;
				CLANG_WARN_OBJC_LITERAL_CONVERSION = YES;
				CLANG_WARN_OBJC_ROOT_CLASS = YES_ERROR;
				CLANG_WARN_RANGE_LOOP_ANALYSIS = YES;
				CLANG_WARN_STRICT_PROTOTYPES = YES;
				CLANG_WARN_SUSPICIOUS_MOVE = YES;
				CLANG_WARN_UNGUARDED_AVAILABILITY = YES_AGGRESSIVE;
				CLANG_WARN_UNREACHABLE_CODE = YES;
				CLANG_WARN__DUPLICATE_METHOD_MATCH = YES;
				CODE_SIGN_IDENTITY = "iPhone Developer";
				COPY_PHASE_STRIP = NO;
				DEBUG_INFORMATION_FORMAT = dwarf;
				ENABLE_STRICT_OBJC_MSGSEND = YES;
				ENABLE_TESTABILITY = YES;
				GCC_C_LANGUAGE_STANDARD = gnu11;
				GCC_DYNAMIC_NO_PIC = NO;
				GCC_NO_COMMON_BLOCKS = YES;
				GCC_OPTIMIZATION_LEVEL = 0;
				GCC_PREPROCESSOR_DEFINITIONS = (
					"DEBUG=1",
					"$(inherited)",
				);
				GCC_WARN_64_TO_32_BIT_CONVERSION = YES;
				GCC_WARN_ABOUT_RETURN_TYPE = YES_ERROR;
				GCC_WARN_UNDECLARED_SELECTOR = YES;
				GCC_WARN_UNINITIALIZED_AUTOS = YES_AGGRESSIVE;
				GCC_WARN_UNUSED_FUNCTION = YES;
				GCC_WARN_UNUSED_VARIABLE = YES;
				IPHONEOS_DEPLOYMENT_TARGET = 12.1;
				MTL_ENABLE_DEBUG_INFO = INCLUDE_SOURCE;
				MTL_FAST_MATH = YES;
				ONLY_ACTIVE_ARCH = YES;
				SDKROOT = iphoneos;
				SWIFT_ACTIVE_COMPILATION_CONDITIONS = DEBUG;
				SWIFT_OPTIMIZATION_LEVEL = "-Onone";
			};
			name = Debug;
		};
		CF7CB4B921F35B7A008E9EE6 /* Release */ = {
			isa = XCBuildConfiguration;
			buildSettings = {
				ALWAYS_SEARCH_USER_PATHS = NO;
				CLANG_ANALYZER_NONNULL = YES;
				CLANG_ANALYZER_NUMBER_OBJECT_CONVERSION = YES_AGGRESSIVE;
				CLANG_CXX_LANGUAGE_STANDARD = "gnu++14";
				CLANG_CXX_LIBRARY = "libc++";
				CLANG_ENABLE_MODULES = YES;
				CLANG_ENABLE_OBJC_ARC = YES;
				CLANG_ENABLE_OBJC_WEAK = YES;
				CLANG_WARN_BLOCK_CAPTURE_AUTORELEASING = YES;
				CLANG_WARN_BOOL_CONVERSION = YES;
				CLANG_WARN_COMMA = YES;
				CLANG_WARN_CONSTANT_CONVERSION = YES;
				CLANG_WARN_DEPRECATED_OBJC_IMPLEMENTATIONS = YES;
				CLANG_WARN_DIRECT_OBJC_ISA_USAGE = YES_ERROR;
				CLANG_WARN_DOCUMENTATION_COMMENTS = YES;
				CLANG_WARN_EMPTY_BODY = YES;
				CLANG_WARN_ENUM_CONVERSION = YES;
				CLANG_WARN_INFINITE_RECURSION = YES;
				CLANG_WARN_INT_CONVERSION = YES;
				CLANG_WARN_NON_LITERAL_NULL_CONVERSION = YES;
				CLANG_WARN_OBJC_IMPLICIT_RETAIN_SELF = YES;
				CLANG_WARN_OBJC_LITERAL_CONVERSION = YES;
				CLANG_WARN_OBJC_ROOT_CLASS = YES_ERROR;
				CLANG_WARN_RANGE_LOOP_ANALYSIS = YES;
				CLANG_WARN_STRICT_PROTOTYPES = YES;
				CLANG_WARN_SUSPICIOUS_MOVE = YES;
				CLANG_WARN_UNGUARDED_AVAILABILITY = YES_AGGRESSIVE;
				CLANG_WARN_UNREACHABLE_CODE = YES;
				CLANG_WARN__DUPLICATE_METHOD_MATCH = YES;
				CODE_SIGN_IDENTITY = "iPhone Developer";
				COPY_PHASE_STRIP = NO;
				DEBUG_INFORMATION_FORMAT = "dwarf-with-dsym";
				ENABLE_NS_ASSERTIONS = NO;
				ENABLE_STRICT_OBJC_MSGSEND = YES;
				GCC_C_LANGUAGE_STANDARD = gnu11;
				GCC_NO_COMMON_BLOCKS = YES;
				GCC_WARN_64_TO_32_BIT_CONVERSION = YES;
				GCC_WARN_ABOUT_RETURN_TYPE = YES_ERROR;
				GCC_WARN_UNDECLARED_SELECTOR = YES;
				GCC_WARN_UNINITIALIZED_AUTOS = YES_AGGRESSIVE;
				GCC_WARN_UNUSED_FUNCTION = YES;
				GCC_WARN_UNUSED_VARIABLE = YES;
				IPHONEOS_DEPLOYMENT_TARGET = 12.1;
				MTL_ENABLE_DEBUG_INFO = NO;
				MTL_FAST_MATH = YES;
				SDKROOT = iphoneos;
				SWIFT_COMPILATION_MODE = wholemodule;
				SWIFT_OPTIMIZATION_LEVEL = "-O";
				VALIDATE_PRODUCT = YES;
			};
			name = Release;
		};
		CF7CB4BB21F35B7A008E9EE6 /* Debug */ = {
			isa = XCBuildConfiguration;
			baseConfigurationReference = 7628C2FCD150E38A410BC712 /* Pods-FoursquareKurenkov.debug.xcconfig */;
			buildSettings = {
				ASSETCATALOG_COMPILER_APPICON_NAME = AppIcon;
				CODE_SIGN_STYLE = Automatic;
				DEVELOPMENT_TEAM = H3GKMDNHRZ;
				INFOPLIST_FILE = FoursquareKurenkov/SupportingFiles/Info.plist;
				LD_RUNPATH_SEARCH_PATHS = (
					"$(inherited)",
					"@executable_path/Frameworks",
				);
				PRODUCT_BUNDLE_IDENTIFIER = ru.mikhailkurenkov.FoursquareKurenkov;
				PRODUCT_NAME = "$(TARGET_NAME)";
				SWIFT_OBJC_BRIDGING_HEADER = "FoursquareKurenkov/SupportingFiles/Swift-Bridging-Header.h";
				SWIFT_VERSION = 4.2;
				TARGETED_DEVICE_FAMILY = 1;
			};
			name = Debug;
		};
		CF7CB4BC21F35B7A008E9EE6 /* Release */ = {
			isa = XCBuildConfiguration;
			baseConfigurationReference = 686BE2962F2978FD38C6FE18 /* Pods-FoursquareKurenkov.release.xcconfig */;
			buildSettings = {
				ASSETCATALOG_COMPILER_APPICON_NAME = AppIcon;
				CODE_SIGN_STYLE = Automatic;
				DEVELOPMENT_TEAM = H3GKMDNHRZ;
				INFOPLIST_FILE = FoursquareKurenkov/SupportingFiles/Info.plist;
				LD_RUNPATH_SEARCH_PATHS = (
					"$(inherited)",
					"@executable_path/Frameworks",
				);
				PRODUCT_BUNDLE_IDENTIFIER = ru.mikhailkurenkov.FoursquareKurenkov;
				PRODUCT_NAME = "$(TARGET_NAME)";
				SWIFT_OBJC_BRIDGING_HEADER = "FoursquareKurenkov/SupportingFiles/Swift-Bridging-Header.h";
				SWIFT_VERSION = 4.2;
				TARGETED_DEVICE_FAMILY = 1;
			};
			name = Release;
		};
		CF7CB4BE21F35B7A008E9EE6 /* Debug */ = {
			isa = XCBuildConfiguration;
			buildSettings = {
				ALWAYS_EMBED_SWIFT_STANDARD_LIBRARIES = YES;
				BUNDLE_LOADER = "$(TEST_HOST)";
				CODE_SIGN_STYLE = Automatic;
				DEVELOPMENT_TEAM = H3GKMDNHRZ;
				INFOPLIST_FILE = FoursquareKurenkovTests/Info.plist;
				LD_RUNPATH_SEARCH_PATHS = (
					"$(inherited)",
					"@executable_path/Frameworks",
					"@loader_path/Frameworks",
				);
				PRODUCT_BUNDLE_IDENTIFIER = ru.mikhailkurenkov.FoursquareKurenkovTests;
				PRODUCT_NAME = "$(TARGET_NAME)";
				SWIFT_VERSION = 4.2;
				TARGETED_DEVICE_FAMILY = "1,2";
				TEST_HOST = "$(BUILT_PRODUCTS_DIR)/FoursquareKurenkov.app/FoursquareKurenkov";
			};
			name = Debug;
		};
		CF7CB4BF21F35B7A008E9EE6 /* Release */ = {
			isa = XCBuildConfiguration;
			buildSettings = {
				ALWAYS_EMBED_SWIFT_STANDARD_LIBRARIES = YES;
				BUNDLE_LOADER = "$(TEST_HOST)";
				CODE_SIGN_STYLE = Automatic;
				DEVELOPMENT_TEAM = H3GKMDNHRZ;
				INFOPLIST_FILE = FoursquareKurenkovTests/Info.plist;
				LD_RUNPATH_SEARCH_PATHS = (
					"$(inherited)",
					"@executable_path/Frameworks",
					"@loader_path/Frameworks",
				);
				PRODUCT_BUNDLE_IDENTIFIER = ru.mikhailkurenkov.FoursquareKurenkovTests;
				PRODUCT_NAME = "$(TARGET_NAME)";
				SWIFT_VERSION = 4.2;
				TARGETED_DEVICE_FAMILY = "1,2";
				TEST_HOST = "$(BUILT_PRODUCTS_DIR)/FoursquareKurenkov.app/FoursquareKurenkov";
			};
			name = Release;
		};
/* End XCBuildConfiguration section */

/* Begin XCConfigurationList section */
		CF7CB49821F35B72008E9EE6 /* Build configuration list for PBXProject "FoursquareKurenkov" */ = {
			isa = XCConfigurationList;
			buildConfigurations = (
				CF7CB4B821F35B7A008E9EE6 /* Debug */,
				CF7CB4B921F35B7A008E9EE6 /* Release */,
			);
			defaultConfigurationIsVisible = 0;
			defaultConfigurationName = Release;
		};
		CF7CB4BA21F35B7A008E9EE6 /* Build configuration list for PBXNativeTarget "FoursquareKurenkov" */ = {
			isa = XCConfigurationList;
			buildConfigurations = (
				CF7CB4BB21F35B7A008E9EE6 /* Debug */,
				CF7CB4BC21F35B7A008E9EE6 /* Release */,
			);
			defaultConfigurationIsVisible = 0;
			defaultConfigurationName = Release;
		};
		CF7CB4BD21F35B7A008E9EE6 /* Build configuration list for PBXNativeTarget "FoursquareKurenkovTests" */ = {
			isa = XCConfigurationList;
			buildConfigurations = (
				CF7CB4BE21F35B7A008E9EE6 /* Debug */,
				CF7CB4BF21F35B7A008E9EE6 /* Release */,
			);
			defaultConfigurationIsVisible = 0;
			defaultConfigurationName = Release;
		};
/* End XCConfigurationList section */
	};
	rootObject = CF7CB49521F35B72008E9EE6 /* Project object */;
}
